# This file is generated by running "yarn install" inside your project.
# Manual changes might be lost - proceed with caution!

__metadata:
  version: 6

"ngx-segment-analytics@workspace:.":
  version: 0.0.0-use.local
  resolution: "ngx-segment-analytics@workspace:."
  peerDependencies:
    "@angular/common": ">=12.0.0 <17.0.0"
    "@angular/core": ">=12.0.0 <17.0.0"
    "@segment/analytics-next": ^1.35.1
  languageName: unknown
  linkType: soft
